{
  "name": "gen-compdb",
  "version": "1.0.1",
  "lockfileVersion": 2,
  "requires": true,
  "packages": {
    "": {
      "name": "gen-compdb",
      "version": "1.0.1",
      "license": "ISC",
      "dependencies": {
        "commander": "^11.1.0",
        "json-format": "^1.0.1"
      },
      "bin": {
        "gen-compdb": "src/gen-compdb.js"
      }
    },
    "node_modules/commander": {
      "version": "11.1.0",
      "resolved": "https://mirrors.cloud.tencent.com/npm/commander/-/commander-11.1.0.tgz",
      "integrity": "sha512-yPVavfyCcRhmorC7rWlkHn15b4wDVgVmBA7kV4QVBsF7kv/9TKJAbAXVTxvTnwP8HHKjRCJDClKbciiYS7p0DQ==",
      "engines": {
        "node": ">=16"
      }
    },
    "node_modules/json-format": {
      "version": "1.0.1",
      "resolved": "https://mirrors.cloud.tencent.com/npm/json-format/-/json-format-1.0.1.tgz",
      "integrity": "sha1-FD9n5irxKda//tKIpGJl6iPQ3ww="
    }
  },
  "dependencies": {
    "commander": {
      "version": "11.1.0",
      "resolved": "https://mirrors.cloud.tencent.com/npm/commander/-/commander-11.1.0.tgz",
      "integrity": "sha512-yPVavfyCcRhmorC7rWlkHn15b4wDVgVmBA7kV4QVBsF7kv/9TKJAbAXVTxvTnwP8HHKjRCJDClKbciiYS7p0DQ=="
    },
    "json-format": {
      "version": "1.0.1",
      "resolved": "https://mirrors.cloud.tencent.com/npm/json-format/-/json-format-1.0.1.tgz",
      "integrity": "sha1-FD9n5irxKda//tKIpGJl6iPQ3ww="
    }
  }
}
